
Microsoft Visual Studio Solution File, Format Version 12.00
# Visual Studio Version 16
VisualStudioVersion = 16.0.31624.102
MinimumVisualStudioVersion = 10.0.40219.1
Project("{9A19103F-16F7-4668-BE54-9A1E7A4F7556}") = "Basic", "Basic\Basic.csproj", "{4D514415-D8C8-417F-8254-19D85E6191A9}"
EndProject
Project("{9A19103F-16F7-4668-BE54-9A1E7A4F7556}") = "Identity", "Identity\Identity.csproj", "{C3C23740-23A3-4565-AAA9-16846D393EE4}"
EndProject
Project("{2150E333-8FDC-42A3-9474-1A3956D46DE8}") = "oauth", "oauth", "{57C41F65-CD96-4C5C-A485-F8E8A93B4F7B}"
EndProject
Project("{9A19103F-16F7-4668-BE54-9A1E7A4F7556}") = "Server", "Server\Server.csproj", "{AD249596-F62F-4B5A-B2A7-947AEA1A6AE6}"
EndProject
Project("{2150E333-8FDC-42A3-9474-1A3956D46DE8}") = "basics", "basics", "{93FA81C4-C490-4AE9-BB16-97D972ED99ED}"
EndProject
Project("{FAE04EC0-301F-11D3-BF4B-00C04F79EFBC}") = "Client", "Client\Client.csproj", "{44BD2546-AD52-4330-B216-F8DDF2B88B32}"
EndProject
Global
	GlobalSection(SolutionConfigurationPlatforms) = preSolution
		Debug|Any CPU = Debug|Any CPU
		Release|Any CPU = Release|Any CPU
	EndGlobalSection
	GlobalSection(ProjectConfigurationPlatforms) = postSolution
		{4D514415-D8C8-417F-8254-19D85E6191A9}.Debug|Any CPU.ActiveCfg = Debug|Any CPU
		{4D514415-D8C8-417F-8254-19D85E6191A9}.Debug|Any CPU.Build.0 = Debug|Any CPU
		{4D514415-D8C8-417F-8254-19D85E6191A9}.Release|Any CPU.ActiveCfg = Release|Any CPU
		{4D514415-D8C8-417F-8254-19D85E6191A9}.Release|Any CPU.Build.0 = Release|Any CPU
		{C3C23740-23A3-4565-AAA9-16846D393EE4}.Debug|Any CPU.ActiveCfg = Debug|Any CPU
		{C3C23740-23A3-4565-AAA9-16846D393EE4}.Debug|Any CPU.Build.0 = Debug|Any CPU
		{C3C23740-23A3-4565-AAA9-16846D393EE4}.Release|Any CPU.ActiveCfg = Release|Any CPU
		{C3C23740-23A3-4565-AAA9-16846D393EE4}.Release|Any CPU.Build.0 = Release|Any CPU
		{AD249596-F62F-4B5A-B2A7-947AEA1A6AE6}.Debug|Any CPU.ActiveCfg = Debug|Any CPU
		{AD249596-F62F-4B5A-B2A7-947AEA1A6AE6}.Debug|Any CPU.Build.0 = Debug|Any CPU
		{AD249596-F62F-4B5A-B2A7-947AEA1A6AE6}.Release|Any CPU.ActiveCfg = Release|Any CPU
		{AD249596-F62F-4B5A-B2A7-947AEA1A6AE6}.Release|Any CPU.Build.0 = Release|Any CPU
		{44BD2546-AD52-4330-B216-F8DDF2B88B32}.Debug|Any CPU.ActiveCfg = Debug|Any CPU
		{44BD2546-AD52-4330-B216-F8DDF2B88B32}.Debug|Any CPU.Build.0 = Debug|Any CPU
		{44BD2546-AD52-4330-B216-F8DDF2B88B32}.Release|Any CPU.ActiveCfg = Release|Any CPU
		{44BD2546-AD52-4330-B216-F8DDF2B88B32}.Release|Any CPU.Build.0 = Release|Any CPU
	EndGlobalSection
	GlobalSection(SolutionProperties) = preSolution
		HideSolutionNode = FALSE
	EndGlobalSection
	GlobalSection(NestedProjects) = preSolution
		{4D514415-D8C8-417F-8254-19D85E6191A9} = {93FA81C4-C490-4AE9-BB16-97D972ED99ED}
		{C3C23740-23A3-4565-AAA9-16846D393EE4} = {93FA81C4-C490-4AE9-BB16-97D972ED99ED}
		{AD249596-F62F-4B5A-B2A7-947AEA1A6AE6} = {57C41F65-CD96-4C5C-A485-F8E8A93B4F7B}
		{44BD2546-AD52-4330-B216-F8DDF2B88B32} = {57C41F65-CD96-4C5C-A485-F8E8A93B4F7B}
	EndGlobalSection
	GlobalSection(ExtensibilityGlobals) = postSolution
		SolutionGuid = {01A21EC5-FE41-472E-B538-3E5C92290B53}
	EndGlobalSection
EndGlobal
