
Microsoft Visual Studio Solution File, Format Version 12.00
# Visual Studio Version 16
VisualStudioVersion = 16.0.31624.102
MinimumVisualStudioVersion = 10.0.40219.1
Project("{FAE04EC0-301F-11D3-BF4B-00C04F79EFBC}") = "Basic", "Basic\Basic.csproj", "{4D514415-D8C8-417F-8254-19D85E6191A9}"
EndProject
Project("{FAE04EC0-301F-11D3-BF4B-00C04F79EFBC}") = "Identity", "Identity\Identity.csproj", "{C3C23740-23A3-4565-AAA9-16846D393EE4}"
EndProject
Global
	GlobalSection(SolutionConfigurationPlatforms) = preSolution
		Debug|Any CPU = Debug|Any CPU
		Release|Any CPU = Release|Any CPU
	EndGlobalSection
	GlobalSection(ProjectConfigurationPlatforms) = postSolution
		{4D514415-D8C8-417F-8254-19D85E6191A9}.Debug|Any CPU.ActiveCfg = Debug|Any CPU
		{4D514415-D8C8-417F-8254-19D85E6191A9}.Debug|Any CPU.Build.0 = Debug|Any CPU
		{4D514415-D8C8-417F-8254-19D85E6191A9}.Release|Any CPU.ActiveCfg = Release|Any CPU
		{4D514415-D8C8-417F-8254-19D85E6191A9}.Release|Any CPU.Build.0 = Release|Any CPU
		{C3C23740-23A3-4565-AAA9-16846D393EE4}.Debug|Any CPU.ActiveCfg = Debug|Any CPU
		{C3C23740-23A3-4565-AAA9-16846D393EE4}.Debug|Any CPU.Build.0 = Debug|Any CPU
		{C3C23740-23A3-4565-AAA9-16846D393EE4}.Release|Any CPU.ActiveCfg = Release|Any CPU
		{C3C23740-23A3-4565-AAA9-16846D393EE4}.Release|Any CPU.Build.0 = Release|Any CPU
	EndGlobalSection
	GlobalSection(SolutionProperties) = preSolution
		HideSolutionNode = FALSE
	EndGlobalSection
	GlobalSection(ExtensibilityGlobals) = postSolution
		SolutionGuid = {01A21EC5-FE41-472E-B538-3E5C92290B53}
	EndGlobalSection
EndGlobal
